
Microsoft Visual Studio Solution File, Format Version 12.00
# Visual Studio 15
VisualStudioVersion = 15.0.27703.2042
MinimumVisualStudioVersion = 10.0.40219.1
Project("{8BC9CEB8-8B4A-11D0-8D11-00A0C91BC942}") = "[DSAA]SearchAndSort", "[DSAA]SearchAndSort.vcxproj", "{84BF0CCE-80D6-471F-8014-6670B3346372}"
EndProject
Global
	GlobalSection(SolutionConfigurationPlatforms) = preSolution
		Debug|x64 = Debug|x64
		Debug|x86 = Debug|x86
		Release|x64 = Release|x64
		Release|x86 = Release|x86
	EndGlobalSection
	GlobalSection(ProjectConfigurationPlatforms) = postSolution
		{84BF0CCE-80D6-471F-8014-6670B3346372}.Debug|x64.ActiveCfg = Debug|x64
		{84BF0CCE-80D6-471F-8014-6670B3346372}.Debug|x64.Build.0 = Debug|x64
		{84BF0CCE-80D6-471F-8014-6670B3346372}.Debug|x86.ActiveCfg = Debug|Win32
		{84BF0CCE-80D6-471F-8014-6670B3346372}.Debug|x86.Build.0 = Debug|Win32
		{84BF0CCE-80D6-471F-8014-6670B3346372}.Release|x64.ActiveCfg = Release|x64
		{84BF0CCE-80D6-471F-8014-6670B3346372}.Release|x64.Build.0 = Release|x64
		{84BF0CCE-80D6-471F-8014-6670B3346372}.Release|x86.ActiveCfg = Release|Win32
		{84BF0CCE-80D6-471F-8014-6670B3346372}.Release|x86.Build.0 = Release|Win32
	EndGlobalSection
	GlobalSection(SolutionProperties) = preSolution
		HideSolutionNode = FALSE
	EndGlobalSection
	GlobalSection(ExtensibilityGlobals) = postSolution
		SolutionGuid = {51A5241F-DE18-48B7-818F-4B038CF0448C}
	EndGlobalSection
EndGlobal
